
Microsoft Visual Studio Solution File, Format Version 12.00
# Visual Studio Version 17
VisualStudioVersion = 17.2.32616.157
MinimumVisualStudioVersion = 10.0.40219.1
Project("{9A19103F-16F7-4668-BE54-9A1E7A4F7556}") = "APIGateway", "APIGateway\APIGateway.csproj", "{DE6CF414-4E72-4AE8-9390-EB9FB2518587}"
EndProject
Project("{2150E333-8FDC-42A3-9474-1A3956D46DE8}") = "Services", "Services", "{679D3BD7-974B-4537-9792-6BA43AFB58D1}"
EndProject
Project("{9A19103F-16F7-4668-BE54-9A1E7A4F7556}") = "Contact.API", "Services\ContactAPI\Contact.API\Contact.API.csproj", "{1D8615B4-9DF6-406B-A43C-C32D22605E3B}"
EndProject
Project("{2150E333-8FDC-42A3-9474-1A3956D46DE8}") = "ContactAPI", "ContactAPI", "{EEAA6BF8-62CF-44E7-B748-6F52BD6DD249}"
EndProject
Project("{2150E333-8FDC-42A3-9474-1A3956D46DE8}") = "ReservationAPI", "ReservationAPI", "{60FDA049-6479-43AF-BD4E-E5B3BD679088}"
EndProject
Project("{9A19103F-16F7-4668-BE54-9A1E7A4F7556}") = "Contact.API.Infrastructure", "Services\ContactAPI\Contact.API.Infrastructure\Contact.API.Infrastructure.csproj", "{0186DEEF-F75D-4EF1-BDFE-CA1A2EB022D5}"
EndProject
Project("{FAE04EC0-301F-11D3-BF4B-00C04F79EFBC}") = "Contact.API.Models", "Services\ContactAPI\Contact.API.Models\Contact.API.Models.csproj", "{D7689EF1-C81D-4326-8F5F-C151BCAEE738}"
EndProject
Project("{FAE04EC0-301F-11D3-BF4B-00C04F79EFBC}") = "Contact.API.Services", "Services\ContactAPI\Contact.API.Services\Contact.API.Services.csproj", "{28895367-994E-404A-A754-069CC8FD63A4}"
EndProject
Project("{FAE04EC0-301F-11D3-BF4B-00C04F79EFBC}") = "Reservation.API.Infrastructure", "RestAPI\Reservation.API.Infrastructure\Reservation.API.Infrastructure.csproj", "{B40AB6AE-27BD-45AB-A414-3FAADC847B6B}"
EndProject
Project("{FAE04EC0-301F-11D3-BF4B-00C04F79EFBC}") = "Reservation.API.Models", "RestAPI\Reservation.API.Models\Reservation.API.Models.csproj", "{3DCB0B48-9A70-4979-9EF0-8F5F043BB366}"
EndProject
Project("{FAE04EC0-301F-11D3-BF4B-00C04F79EFBC}") = "Reservation.API.Services", "RestAPI\Reservation.API.Services\Reservation.API.Services.csproj", "{74204757-E385-4B51-9272-DA48E1D56826}"
EndProject
Project("{FAE04EC0-301F-11D3-BF4B-00C04F79EFBC}") = "Reservation.API", "RestAPI\Reservation.API\Reservation.API.csproj", "{A6E37891-84E1-482A-A935-BAE4F6BEA313}"
EndProject
Global
	GlobalSection(SolutionConfigurationPlatforms) = preSolution
		Debug|Any CPU = Debug|Any CPU
		Release|Any CPU = Release|Any CPU
	EndGlobalSection
	GlobalSection(ProjectConfigurationPlatforms) = postSolution
		{DE6CF414-4E72-4AE8-9390-EB9FB2518587}.Debug|Any CPU.ActiveCfg = Debug|Any CPU
		{DE6CF414-4E72-4AE8-9390-EB9FB2518587}.Debug|Any CPU.Build.0 = Debug|Any CPU
		{DE6CF414-4E72-4AE8-9390-EB9FB2518587}.Release|Any CPU.ActiveCfg = Release|Any CPU
		{DE6CF414-4E72-4AE8-9390-EB9FB2518587}.Release|Any CPU.Build.0 = Release|Any CPU
		{1D8615B4-9DF6-406B-A43C-C32D22605E3B}.Debug|Any CPU.ActiveCfg = Debug|Any CPU
		{1D8615B4-9DF6-406B-A43C-C32D22605E3B}.Debug|Any CPU.Build.0 = Debug|Any CPU
		{1D8615B4-9DF6-406B-A43C-C32D22605E3B}.Release|Any CPU.ActiveCfg = Release|Any CPU
		{1D8615B4-9DF6-406B-A43C-C32D22605E3B}.Release|Any CPU.Build.0 = Release|Any CPU
		{0186DEEF-F75D-4EF1-BDFE-CA1A2EB022D5}.Debug|Any CPU.ActiveCfg = Debug|Any CPU
		{0186DEEF-F75D-4EF1-BDFE-CA1A2EB022D5}.Debug|Any CPU.Build.0 = Debug|Any CPU
		{0186DEEF-F75D-4EF1-BDFE-CA1A2EB022D5}.Release|Any CPU.ActiveCfg = Release|Any CPU
		{0186DEEF-F75D-4EF1-BDFE-CA1A2EB022D5}.Release|Any CPU.Build.0 = Release|Any CPU
		{D7689EF1-C81D-4326-8F5F-C151BCAEE738}.Debug|Any CPU.ActiveCfg = Debug|Any CPU
		{D7689EF1-C81D-4326-8F5F-C151BCAEE738}.Debug|Any CPU.Build.0 = Debug|Any CPU
		{D7689EF1-C81D-4326-8F5F-C151BCAEE738}.Release|Any CPU.ActiveCfg = Release|Any CPU
		{D7689EF1-C81D-4326-8F5F-C151BCAEE738}.Release|Any CPU.Build.0 = Release|Any CPU
		{28895367-994E-404A-A754-069CC8FD63A4}.Debug|Any CPU.ActiveCfg = Debug|Any CPU
		{28895367-994E-404A-A754-069CC8FD63A4}.Debug|Any CPU.Build.0 = Debug|Any CPU
		{28895367-994E-404A-A754-069CC8FD63A4}.Release|Any CPU.ActiveCfg = Release|Any CPU
		{28895367-994E-404A-A754-069CC8FD63A4}.Release|Any CPU.Build.0 = Release|Any CPU
		{B40AB6AE-27BD-45AB-A414-3FAADC847B6B}.Debug|Any CPU.ActiveCfg = Debug|Any CPU
		{B40AB6AE-27BD-45AB-A414-3FAADC847B6B}.Debug|Any CPU.Build.0 = Debug|Any CPU
		{B40AB6AE-27BD-45AB-A414-3FAADC847B6B}.Release|Any CPU.ActiveCfg = Release|Any CPU
		{B40AB6AE-27BD-45AB-A414-3FAADC847B6B}.Release|Any CPU.Build.0 = Release|Any CPU
		{3DCB0B48-9A70-4979-9EF0-8F5F043BB366}.Debug|Any CPU.ActiveCfg = Debug|Any CPU
		{3DCB0B48-9A70-4979-9EF0-8F5F043BB366}.Debug|Any CPU.Build.0 = Debug|Any CPU
		{3DCB0B48-9A70-4979-9EF0-8F5F043BB366}.Release|Any CPU.ActiveCfg = Release|Any CPU
		{3DCB0B48-9A70-4979-9EF0-8F5F043BB366}.Release|Any CPU.Build.0 = Release|Any CPU
		{74204757-E385-4B51-9272-DA48E1D56826}.Debug|Any CPU.ActiveCfg = Debug|Any CPU
		{74204757-E385-4B51-9272-DA48E1D56826}.Debug|Any CPU.Build.0 = Debug|Any CPU
		{74204757-E385-4B51-9272-DA48E1D56826}.Release|Any CPU.ActiveCfg = Release|Any CPU
		{74204757-E385-4B51-9272-DA48E1D56826}.Release|Any CPU.Build.0 = Release|Any CPU
		{A6E37891-84E1-482A-A935-BAE4F6BEA313}.Debug|Any CPU.ActiveCfg = Debug|Any CPU
		{A6E37891-84E1-482A-A935-BAE4F6BEA313}.Debug|Any CPU.Build.0 = Debug|Any CPU
		{A6E37891-84E1-482A-A935-BAE4F6BEA313}.Release|Any CPU.ActiveCfg = Release|Any CPU
		{A6E37891-84E1-482A-A935-BAE4F6BEA313}.Release|Any CPU.Build.0 = Release|Any CPU
	EndGlobalSection
	GlobalSection(SolutionProperties) = preSolution
		HideSolutionNode = FALSE
	EndGlobalSection
	GlobalSection(NestedProjects) = preSolution
		{1D8615B4-9DF6-406B-A43C-C32D22605E3B} = {EEAA6BF8-62CF-44E7-B748-6F52BD6DD249}
		{EEAA6BF8-62CF-44E7-B748-6F52BD6DD249} = {679D3BD7-974B-4537-9792-6BA43AFB58D1}
		{60FDA049-6479-43AF-BD4E-E5B3BD679088} = {679D3BD7-974B-4537-9792-6BA43AFB58D1}
		{0186DEEF-F75D-4EF1-BDFE-CA1A2EB022D5} = {EEAA6BF8-62CF-44E7-B748-6F52BD6DD249}
		{D7689EF1-C81D-4326-8F5F-C151BCAEE738} = {EEAA6BF8-62CF-44E7-B748-6F52BD6DD249}
		{28895367-994E-404A-A754-069CC8FD63A4} = {EEAA6BF8-62CF-44E7-B748-6F52BD6DD249}
		{B40AB6AE-27BD-45AB-A414-3FAADC847B6B} = {60FDA049-6479-43AF-BD4E-E5B3BD679088}
		{3DCB0B48-9A70-4979-9EF0-8F5F043BB366} = {60FDA049-6479-43AF-BD4E-E5B3BD679088}
		{74204757-E385-4B51-9272-DA48E1D56826} = {60FDA049-6479-43AF-BD4E-E5B3BD679088}
		{A6E37891-84E1-482A-A935-BAE4F6BEA313} = {60FDA049-6479-43AF-BD4E-E5B3BD679088}
	EndGlobalSection
	GlobalSection(ExtensibilityGlobals) = postSolution
		SolutionGuid = {D2B9CA02-9CD2-44B1-A14B-5504BC62AD58}
	EndGlobalSection
EndGlobal
